github.com/evanw/esbuild v0.20.0 h1:pcW+/LCNc99Pgfs0kUnvjRCba8Lr9tDMSVg89t1ZLW4=
github.com/evanw/esbuild v0.20.0/go.mod h1:D2vIQZqV/vIf/VRHtViaUtViZmG7o+kKmlBfVQuRi48=
golang.org/x/sys v0.0.0-20220715151400-c0bba94af5f8 h1:0A+M6Uqn+Eje4kHMK80dtF3JCXC4ykBgQG4Fe06QRhQ=
golang.org/x/sys v0.0.0-20220715151400-c0bba94af5f8/go.mod h1:oPkhp1MJrh7nUepCBck5+mAzfO9JrbApNNgaTdGDITg=
